
Microsoft Visual Studio Solution File, Format Version 12.00
# Visual Studio Version 17
VisualStudioVersion = 17.0.31903.59
MinimumVisualStudioVersion = 10.0.40219.1
Project("{FAE04EC0-301F-11D3-BF4B-00C04F79EFBC}") = "Day02", "Day02\Day02.csproj", "{5170E681-813B-4968-9E03-0E6E8E5C47FC}"
EndProject
Project("{FAE04EC0-301F-11D3-BF4B-00C04F79EFBC}") = "Day01", "Day01\Day01.csproj", "{BEDF586A-9CCE-404F-A38A-65BD18EFEF26}"
EndProject
Project("{FAE04EC0-301F-11D3-BF4B-00C04F79EFBC}") = "ClassCat", "ClassCat\ClassCat.csproj", "{E09BA2EB-3D7D-48F4-AA4E-BFF637C732B0}"
EndProject
Project("{FAE04EC0-301F-11D3-BF4B-00C04F79EFBC}") = "Day02_2", "Day02_2\Day02_2.csproj", "{C6AA556D-134A-40CB-A9EC-4820530A1578}"
EndProject
Project("{FAE04EC0-301F-11D3-BF4B-00C04F79EFBC}") = "Day03_1_Encapsulation", "Day03_1_Encapsulation\Day03_1_Encapsulation.csproj", "{40DED812-40D5-4B22-AAD6-F9BC4E655656}"
EndProject
Project("{FAE04EC0-301F-11D3-BF4B-00C04F79EFBC}") = "Day03_VariableMethod", "Day03_VariableMethod\Day03_VariableMethod.csproj", "{BDE16655-5A39-4314-9F5E-D7DFE509061E}"
EndProject
Project("{FAE04EC0-301F-11D3-BF4B-00C04F79EFBC}") = "Day03_OverloadingAndInheritance", "Day03_OverloadingAndInheritance\Day03_OverloadingAndInheritance.csproj", "{B0DC1170-C5D1-4335-89A0-FF3C698BB006}"
EndProject
Project("{FAE04EC0-301F-11D3-BF4B-00C04F79EFBC}") = "Day03_Overriding", "Day03_Overriding\Day03_Overriding.csproj", "{0E71C211-8591-4D9B-B466-207ADFD43C1A}"
EndProject
Project("{FAE04EC0-301F-11D3-BF4B-00C04F79EFBC}") = "Day04_Inheritance", "Day04_Inheritance\Day04_Inheritance.csproj", "{ED228E02-3246-4281-BCF1-B382D1F8E924}"
EndProject
Project("{FAE04EC0-301F-11D3-BF4B-00C04F79EFBC}") = "Day04_Abstract", "Day04_Abstract\Day04_Abstract.csproj", "{3C43EFC4-2914-4324-849D-CD88C6215BC3}"
EndProject
Project("{FAE04EC0-301F-11D3-BF4B-00C04F79EFBC}") = "Day04_Interface", "Day04_Interface\Day04_Interface.csproj", "{9179C483-F52F-4CD9-A59F-DBA383A80A90}"
EndProject
Project("{FAE04EC0-301F-11D3-BF4B-00C04F79EFBC}") = "Day04_InterfaceCar", "Day04_InterfaceCar\Day04_InterfaceCar.csproj", "{C4C36773-4794-4822-BD58-4FF50B498EE9}"
EndProject
Project("{FAE04EC0-301F-11D3-BF4B-00C04F79EFBC}") = "Day04_IntFloatDoubleDecimal", "Day04_IntFloatDoubleDecimal\Day04_IntFloatDoubleDecimal.csproj", "{8B9AE9CC-5E3B-4000-B7E4-AD7F7738A789}"
EndProject
Project("{FAE04EC0-301F-11D3-BF4B-00C04F79EFBC}") = "Day04_Casting", "Day04_Casting\Day04_Casting.csproj", "{864594A7-078B-46C7-BBBB-606FB1A463A0}"
EndProject
Project("{FAE04EC0-301F-11D3-BF4B-00C04F79EFBC}") = "Day05_Reference", "Day05_Reference\Day05_Reference.csproj", "{3BFCA804-9BD4-4E4B-8875-872BC4A1CB54}"
EndProject
Project("{FAE04EC0-301F-11D3-BF4B-00C04F79EFBC}") = "Day05_StringVsStringBuilder", "Day05_StringVsStringBuilder\Day05_StringVsStringBuilder.csproj", "{98D09CD9-35AD-489A-990E-0ECC0E37D1A7}"
EndProject
Project("{FAE04EC0-301F-11D3-BF4B-00C04F79EFBC}") = "Day05_VarObjectDynamic", "Day05_VarObjectDynamic\Day05_VarObjectDynamic.csproj", "{D47CE387-01FE-4168-BC73-DE9C10058BEF}"
EndProject
Project("{FAE04EC0-301F-11D3-BF4B-00C04F79EFBC}") = "Day04_Casting2", "Day04_Casting2\Day04_Casting2.csproj", "{8041B137-A6E1-4278-A3E2-D84A0C8828CE}"
EndProject
Project("{FAE04EC0-301F-11D3-BF4B-00C04F79EFBC}") = "Day05_ObjectCollector", "Day05_ObjectCollector\Day05_ObjectCollector.csproj", "{9BC967DC-0269-42EB-B285-4B016DA2FD19}"
EndProject
Project("{FAE04EC0-301F-11D3-BF4B-00C04F79EFBC}") = "Day05_ObjectCollectorWithoutGeneric", "Day05_ObjectCollectorWithoutGeneric\Day05_ObjectCollectorWithoutGeneric.csproj", "{D74428EF-23CF-4DA1-A3E9-31DD874B606D}"
EndProject
Project("{FAE04EC0-301F-11D3-BF4B-00C04F79EFBC}") = "Day05_GenericCollector", "Day05_GenericCollector\Day05_GenericCollector.csproj", "{4C86AECB-74E7-4ADC-81AA-6C5DC658C7DC}"
EndProject
Project("{FAE04EC0-301F-11D3-BF4B-00C04F79EFBC}") = "Day05_GenericClassCollector", "Day05_GenericClassCollector\Day05_GenericClassCollector.csproj", "{21059117-32F1-4F02-83CB-28064BBF9F13}"
EndProject
Project("{FAE04EC0-301F-11D3-BF4B-00C04F79EFBC}") = "Day05_ListCollection", "Day05_ListCollection\Day05_ListCollection.csproj", "{70958DE9-1F4D-4FAB-A3A4-14DD9FB1957E}"
EndProject
Project("{FAE04EC0-301F-11D3-BF4B-00C04F79EFBC}") = "Day05_ArrayWithAbstraction", "Day05_ArrayWithAbstraction\Day05_ArrayWithAbstraction.csproj", "{DE859C7E-26BE-47D6-BD4D-3327F6E49CB9}"
EndProject
Project("{FAE04EC0-301F-11D3-BF4B-00C04F79EFBC}") = "Day05_GenericConstraint", "Day05_GenericConstraint\Day05_GenericConstraint.csproj", "{D59ACDD7-0ED5-4806-9C12-CE5DC45A556B}"
EndProject
Project("{2150E333-8FDC-42A3-9474-1A3956D46DE8}") = "Week1", "Week1", "{4FE53AD4-06E9-4247-A6A5-D5AE521B3674}"
EndProject
Project("{2150E333-8FDC-42A3-9474-1A3956D46DE8}") = "Week2", "Week2", "{51A08D19-9FCA-4CD0-8C4F-66CDB69767E7}"
EndProject
Project("{FAE04EC0-301F-11D3-BF4B-00C04F79EFBC}") = "Day06_1_Array", "Day06_1_Array\Day06_1_Array.csproj", "{9F01727F-A226-445B-A9D8-5106499B008A}"
EndProject
Project("{FAE04EC0-301F-11D3-BF4B-00C04F79EFBC}") = "Day06_2_Generic", "Day06_2_Generic\Day06_2_Generic.csproj", "{8330D99D-C7E1-4BAA-974A-1AC828803AE3}"
EndProject
Project("{FAE04EC0-301F-11D3-BF4B-00C04F79EFBC}") = "Day06_3_RefOutIn", "Day06_3_RefOutIn\Day06_3_RefOutIn.csproj", "{90045F73-9DB5-405C-8263-0556E428C2C5}"
EndProject
Project("{FAE04EC0-301F-11D3-BF4B-00C04F79EFBC}") = "Day06_4_WhyDontNeedRef", "Day06_4_WhyDontNeedRef\Day06_4_WhyDontNeedRef.csproj", "{D5D8B286-528C-4216-A94F-FBAF85B39046}"
EndProject
Project("{FAE04EC0-301F-11D3-BF4B-00C04F79EFBC}") = "Day06_5_String", "Day06_5_String\Day06_5_String.csproj", "{7CE4FD89-67FA-41B9-9D26-E5451D53019F}"
EndProject
Project("{FAE04EC0-301F-11D3-BF4B-00C04F79EFBC}") = "Day06_6_TryParse", "Day06_6_TryParse\Day06_6_TryParse.csproj", "{914C4078-F3D8-4271-9557-F41103B225B2}"
EndProject
Project("{FAE04EC0-301F-11D3-BF4B-00C04F79EFBC}") = "Day06_7_Static", "Day06_7_Static\Day06_7_Static.csproj", "{B7FE7943-554E-4D2F-9DDA-121549D83D0E}"
EndProject
Project("{FAE04EC0-301F-11D3-BF4B-00C04F79EFBC}") = "Day06_8_Constant", "Day06_8_Constant\Day06_8_Constant.csproj", "{234C25E8-324C-401B-9718-7B522F792CBA}"
EndProject
Project("{FAE04EC0-301F-11D3-BF4B-00C04F79EFBC}") = "Day06_9_VoidDelegate", "Day06_9_VoidDelegate\Day06_9_VoidDelegate.csproj", "{220D249B-EF61-41AA-A635-0642316DAC1B}"
EndProject
Project("{FAE04EC0-301F-11D3-BF4B-00C04F79EFBC}") = "Day06_10_StringDelegate", "Day06_10_StringDelegate\Day06_10_StringDelegate.csproj", "{25F5A224-24BC-4331-99D3-CED921778D2D}"
EndProject
Project("{FAE04EC0-301F-11D3-BF4B-00C04F79EFBC}") = "Day06_11_IntDelegate", "Day06_11_IntDelegate\Day06_11_IntDelegate.csproj", "{4D7E89E5-FB03-4CCA-846A-8B129DC87DC3}"
EndProject
Project("{FAE04EC0-301F-11D3-BF4B-00C04F79EFBC}") = "Day06_12_PubSub", "Day06_12_PubSub\Day06_12_PubSub.csproj", "{A1F2B9BE-B4AD-4EDE-B056-9E8063EA6B9C}"
EndProject
Project("{FAE04EC0-301F-11D3-BF4B-00C04F79EFBC}") = "Day06_13_PubSub2", "Day06_13_PubSub2\Day06_13_PubSub2.csproj", "{4F609D56-C7D2-472E-A296-57A80E46542E}"
EndProject
Project("{FAE04EC0-301F-11D3-BF4B-00C04F79EFBC}") = "Day06_14_PubSubDelegate", "Day06_14_PubSubDelegate\Day06_14_PubSubDelegate.csproj", "{D5C41D6A-503B-46B9-BD33-723BE3277E02}"
EndProject
Global
	GlobalSection(SolutionConfigurationPlatforms) = preSolution
		Debug|Any CPU = Debug|Any CPU
		Release|Any CPU = Release|Any CPU
	EndGlobalSection
	GlobalSection(SolutionProperties) = preSolution
		HideSolutionNode = FALSE
	EndGlobalSection
	GlobalSection(ProjectConfigurationPlatforms) = postSolution
		{5170E681-813B-4968-9E03-0E6E8E5C47FC}.Debug|Any CPU.ActiveCfg = Debug|Any CPU
		{5170E681-813B-4968-9E03-0E6E8E5C47FC}.Debug|Any CPU.Build.0 = Debug|Any CPU
		{5170E681-813B-4968-9E03-0E6E8E5C47FC}.Release|Any CPU.ActiveCfg = Release|Any CPU
		{5170E681-813B-4968-9E03-0E6E8E5C47FC}.Release|Any CPU.Build.0 = Release|Any CPU
		{BEDF586A-9CCE-404F-A38A-65BD18EFEF26}.Debug|Any CPU.ActiveCfg = Debug|Any CPU
		{BEDF586A-9CCE-404F-A38A-65BD18EFEF26}.Debug|Any CPU.Build.0 = Debug|Any CPU
		{BEDF586A-9CCE-404F-A38A-65BD18EFEF26}.Release|Any CPU.ActiveCfg = Release|Any CPU
		{BEDF586A-9CCE-404F-A38A-65BD18EFEF26}.Release|Any CPU.Build.0 = Release|Any CPU
		{E09BA2EB-3D7D-48F4-AA4E-BFF637C732B0}.Debug|Any CPU.ActiveCfg = Debug|Any CPU
		{E09BA2EB-3D7D-48F4-AA4E-BFF637C732B0}.Debug|Any CPU.Build.0 = Debug|Any CPU
		{E09BA2EB-3D7D-48F4-AA4E-BFF637C732B0}.Release|Any CPU.ActiveCfg = Release|Any CPU
		{E09BA2EB-3D7D-48F4-AA4E-BFF637C732B0}.Release|Any CPU.Build.0 = Release|Any CPU
		{C6AA556D-134A-40CB-A9EC-4820530A1578}.Debug|Any CPU.ActiveCfg = Debug|Any CPU
		{C6AA556D-134A-40CB-A9EC-4820530A1578}.Debug|Any CPU.Build.0 = Debug|Any CPU
		{C6AA556D-134A-40CB-A9EC-4820530A1578}.Release|Any CPU.ActiveCfg = Release|Any CPU
		{C6AA556D-134A-40CB-A9EC-4820530A1578}.Release|Any CPU.Build.0 = Release|Any CPU
		{40DED812-40D5-4B22-AAD6-F9BC4E655656}.Debug|Any CPU.ActiveCfg = Debug|Any CPU
		{40DED812-40D5-4B22-AAD6-F9BC4E655656}.Debug|Any CPU.Build.0 = Debug|Any CPU
		{40DED812-40D5-4B22-AAD6-F9BC4E655656}.Release|Any CPU.ActiveCfg = Release|Any CPU
		{40DED812-40D5-4B22-AAD6-F9BC4E655656}.Release|Any CPU.Build.0 = Release|Any CPU
		{BDE16655-5A39-4314-9F5E-D7DFE509061E}.Debug|Any CPU.ActiveCfg = Debug|Any CPU
		{BDE16655-5A39-4314-9F5E-D7DFE509061E}.Debug|Any CPU.Build.0 = Debug|Any CPU
		{BDE16655-5A39-4314-9F5E-D7DFE509061E}.Release|Any CPU.ActiveCfg = Release|Any CPU
		{BDE16655-5A39-4314-9F5E-D7DFE509061E}.Release|Any CPU.Build.0 = Release|Any CPU
		{B0DC1170-C5D1-4335-89A0-FF3C698BB006}.Debug|Any CPU.ActiveCfg = Debug|Any CPU
		{B0DC1170-C5D1-4335-89A0-FF3C698BB006}.Debug|Any CPU.Build.0 = Debug|Any CPU
		{B0DC1170-C5D1-4335-89A0-FF3C698BB006}.Release|Any CPU.ActiveCfg = Release|Any CPU
		{B0DC1170-C5D1-4335-89A0-FF3C698BB006}.Release|Any CPU.Build.0 = Release|Any CPU
		{0E71C211-8591-4D9B-B466-207ADFD43C1A}.Debug|Any CPU.ActiveCfg = Debug|Any CPU
		{0E71C211-8591-4D9B-B466-207ADFD43C1A}.Debug|Any CPU.Build.0 = Debug|Any CPU
		{0E71C211-8591-4D9B-B466-207ADFD43C1A}.Release|Any CPU.ActiveCfg = Release|Any CPU
		{0E71C211-8591-4D9B-B466-207ADFD43C1A}.Release|Any CPU.Build.0 = Release|Any CPU
		{ED228E02-3246-4281-BCF1-B382D1F8E924}.Debug|Any CPU.ActiveCfg = Debug|Any CPU
		{ED228E02-3246-4281-BCF1-B382D1F8E924}.Debug|Any CPU.Build.0 = Debug|Any CPU
		{ED228E02-3246-4281-BCF1-B382D1F8E924}.Release|Any CPU.ActiveCfg = Release|Any CPU
		{ED228E02-3246-4281-BCF1-B382D1F8E924}.Release|Any CPU.Build.0 = Release|Any CPU
		{3C43EFC4-2914-4324-849D-CD88C6215BC3}.Debug|Any CPU.ActiveCfg = Debug|Any CPU
		{3C43EFC4-2914-4324-849D-CD88C6215BC3}.Debug|Any CPU.Build.0 = Debug|Any CPU
		{3C43EFC4-2914-4324-849D-CD88C6215BC3}.Release|Any CPU.ActiveCfg = Release|Any CPU
		{3C43EFC4-2914-4324-849D-CD88C6215BC3}.Release|Any CPU.Build.0 = Release|Any CPU
		{9179C483-F52F-4CD9-A59F-DBA383A80A90}.Debug|Any CPU.ActiveCfg = Debug|Any CPU
		{9179C483-F52F-4CD9-A59F-DBA383A80A90}.Debug|Any CPU.Build.0 = Debug|Any CPU
		{9179C483-F52F-4CD9-A59F-DBA383A80A90}.Release|Any CPU.ActiveCfg = Release|Any CPU
		{9179C483-F52F-4CD9-A59F-DBA383A80A90}.Release|Any CPU.Build.0 = Release|Any CPU
		{C4C36773-4794-4822-BD58-4FF50B498EE9}.Debug|Any CPU.ActiveCfg = Debug|Any CPU
		{C4C36773-4794-4822-BD58-4FF50B498EE9}.Debug|Any CPU.Build.0 = Debug|Any CPU
		{C4C36773-4794-4822-BD58-4FF50B498EE9}.Release|Any CPU.ActiveCfg = Release|Any CPU
		{C4C36773-4794-4822-BD58-4FF50B498EE9}.Release|Any CPU.Build.0 = Release|Any CPU
		{8B9AE9CC-5E3B-4000-B7E4-AD7F7738A789}.Debug|Any CPU.ActiveCfg = Debug|Any CPU
		{8B9AE9CC-5E3B-4000-B7E4-AD7F7738A789}.Debug|Any CPU.Build.0 = Debug|Any CPU
		{8B9AE9CC-5E3B-4000-B7E4-AD7F7738A789}.Release|Any CPU.ActiveCfg = Release|Any CPU
		{8B9AE9CC-5E3B-4000-B7E4-AD7F7738A789}.Release|Any CPU.Build.0 = Release|Any CPU
		{864594A7-078B-46C7-BBBB-606FB1A463A0}.Debug|Any CPU.ActiveCfg = Debug|Any CPU
		{864594A7-078B-46C7-BBBB-606FB1A463A0}.Debug|Any CPU.Build.0 = Debug|Any CPU
		{864594A7-078B-46C7-BBBB-606FB1A463A0}.Release|Any CPU.ActiveCfg = Release|Any CPU
		{864594A7-078B-46C7-BBBB-606FB1A463A0}.Release|Any CPU.Build.0 = Release|Any CPU
		{3BFCA804-9BD4-4E4B-8875-872BC4A1CB54}.Debug|Any CPU.ActiveCfg = Debug|Any CPU
		{3BFCA804-9BD4-4E4B-8875-872BC4A1CB54}.Debug|Any CPU.Build.0 = Debug|Any CPU
		{3BFCA804-9BD4-4E4B-8875-872BC4A1CB54}.Release|Any CPU.ActiveCfg = Release|Any CPU
		{3BFCA804-9BD4-4E4B-8875-872BC4A1CB54}.Release|Any CPU.Build.0 = Release|Any CPU
		{98D09CD9-35AD-489A-990E-0ECC0E37D1A7}.Debug|Any CPU.ActiveCfg = Debug|Any CPU
		{98D09CD9-35AD-489A-990E-0ECC0E37D1A7}.Debug|Any CPU.Build.0 = Debug|Any CPU
		{98D09CD9-35AD-489A-990E-0ECC0E37D1A7}.Release|Any CPU.ActiveCfg = Release|Any CPU
		{98D09CD9-35AD-489A-990E-0ECC0E37D1A7}.Release|Any CPU.Build.0 = Release|Any CPU
		{D47CE387-01FE-4168-BC73-DE9C10058BEF}.Debug|Any CPU.ActiveCfg = Debug|Any CPU
		{D47CE387-01FE-4168-BC73-DE9C10058BEF}.Debug|Any CPU.Build.0 = Debug|Any CPU
		{D47CE387-01FE-4168-BC73-DE9C10058BEF}.Release|Any CPU.ActiveCfg = Release|Any CPU
		{D47CE387-01FE-4168-BC73-DE9C10058BEF}.Release|Any CPU.Build.0 = Release|Any CPU
		{8041B137-A6E1-4278-A3E2-D84A0C8828CE}.Debug|Any CPU.ActiveCfg = Debug|Any CPU
		{8041B137-A6E1-4278-A3E2-D84A0C8828CE}.Debug|Any CPU.Build.0 = Debug|Any CPU
		{8041B137-A6E1-4278-A3E2-D84A0C8828CE}.Release|Any CPU.ActiveCfg = Release|Any CPU
		{8041B137-A6E1-4278-A3E2-D84A0C8828CE}.Release|Any CPU.Build.0 = Release|Any CPU
		{9BC967DC-0269-42EB-B285-4B016DA2FD19}.Debug|Any CPU.ActiveCfg = Debug|Any CPU
		{9BC967DC-0269-42EB-B285-4B016DA2FD19}.Debug|Any CPU.Build.0 = Debug|Any CPU
		{9BC967DC-0269-42EB-B285-4B016DA2FD19}.Release|Any CPU.ActiveCfg = Release|Any CPU
		{9BC967DC-0269-42EB-B285-4B016DA2FD19}.Release|Any CPU.Build.0 = Release|Any CPU
		{D74428EF-23CF-4DA1-A3E9-31DD874B606D}.Debug|Any CPU.ActiveCfg = Debug|Any CPU
		{D74428EF-23CF-4DA1-A3E9-31DD874B606D}.Debug|Any CPU.Build.0 = Debug|Any CPU
		{D74428EF-23CF-4DA1-A3E9-31DD874B606D}.Release|Any CPU.ActiveCfg = Release|Any CPU
		{D74428EF-23CF-4DA1-A3E9-31DD874B606D}.Release|Any CPU.Build.0 = Release|Any CPU
		{4C86AECB-74E7-4ADC-81AA-6C5DC658C7DC}.Debug|Any CPU.ActiveCfg = Debug|Any CPU
		{4C86AECB-74E7-4ADC-81AA-6C5DC658C7DC}.Debug|Any CPU.Build.0 = Debug|Any CPU
		{4C86AECB-74E7-4ADC-81AA-6C5DC658C7DC}.Release|Any CPU.ActiveCfg = Release|Any CPU
		{4C86AECB-74E7-4ADC-81AA-6C5DC658C7DC}.Release|Any CPU.Build.0 = Release|Any CPU
		{21059117-32F1-4F02-83CB-28064BBF9F13}.Debug|Any CPU.ActiveCfg = Debug|Any CPU
		{21059117-32F1-4F02-83CB-28064BBF9F13}.Debug|Any CPU.Build.0 = Debug|Any CPU
		{21059117-32F1-4F02-83CB-28064BBF9F13}.Release|Any CPU.ActiveCfg = Release|Any CPU
		{21059117-32F1-4F02-83CB-28064BBF9F13}.Release|Any CPU.Build.0 = Release|Any CPU
		{70958DE9-1F4D-4FAB-A3A4-14DD9FB1957E}.Debug|Any CPU.ActiveCfg = Debug|Any CPU
		{70958DE9-1F4D-4FAB-A3A4-14DD9FB1957E}.Debug|Any CPU.Build.0 = Debug|Any CPU
		{70958DE9-1F4D-4FAB-A3A4-14DD9FB1957E}.Release|Any CPU.ActiveCfg = Release|Any CPU
		{70958DE9-1F4D-4FAB-A3A4-14DD9FB1957E}.Release|Any CPU.Build.0 = Release|Any CPU
		{DE859C7E-26BE-47D6-BD4D-3327F6E49CB9}.Debug|Any CPU.ActiveCfg = Debug|Any CPU
		{DE859C7E-26BE-47D6-BD4D-3327F6E49CB9}.Debug|Any CPU.Build.0 = Debug|Any CPU
		{DE859C7E-26BE-47D6-BD4D-3327F6E49CB9}.Release|Any CPU.ActiveCfg = Release|Any CPU
		{DE859C7E-26BE-47D6-BD4D-3327F6E49CB9}.Release|Any CPU.Build.0 = Release|Any CPU
		{D59ACDD7-0ED5-4806-9C12-CE5DC45A556B}.Debug|Any CPU.ActiveCfg = Debug|Any CPU
		{D59ACDD7-0ED5-4806-9C12-CE5DC45A556B}.Debug|Any CPU.Build.0 = Debug|Any CPU
		{D59ACDD7-0ED5-4806-9C12-CE5DC45A556B}.Release|Any CPU.ActiveCfg = Release|Any CPU
		{D59ACDD7-0ED5-4806-9C12-CE5DC45A556B}.Release|Any CPU.Build.0 = Release|Any CPU
		{9F01727F-A226-445B-A9D8-5106499B008A}.Debug|Any CPU.ActiveCfg = Debug|Any CPU
		{9F01727F-A226-445B-A9D8-5106499B008A}.Debug|Any CPU.Build.0 = Debug|Any CPU
		{9F01727F-A226-445B-A9D8-5106499B008A}.Release|Any CPU.ActiveCfg = Release|Any CPU
		{9F01727F-A226-445B-A9D8-5106499B008A}.Release|Any CPU.Build.0 = Release|Any CPU
		{8330D99D-C7E1-4BAA-974A-1AC828803AE3}.Debug|Any CPU.ActiveCfg = Debug|Any CPU
		{8330D99D-C7E1-4BAA-974A-1AC828803AE3}.Debug|Any CPU.Build.0 = Debug|Any CPU
		{8330D99D-C7E1-4BAA-974A-1AC828803AE3}.Release|Any CPU.ActiveCfg = Release|Any CPU
		{8330D99D-C7E1-4BAA-974A-1AC828803AE3}.Release|Any CPU.Build.0 = Release|Any CPU
		{90045F73-9DB5-405C-8263-0556E428C2C5}.Debug|Any CPU.ActiveCfg = Debug|Any CPU
		{90045F73-9DB5-405C-8263-0556E428C2C5}.Debug|Any CPU.Build.0 = Debug|Any CPU
		{90045F73-9DB5-405C-8263-0556E428C2C5}.Release|Any CPU.ActiveCfg = Release|Any CPU
		{90045F73-9DB5-405C-8263-0556E428C2C5}.Release|Any CPU.Build.0 = Release|Any CPU
		{D5D8B286-528C-4216-A94F-FBAF85B39046}.Debug|Any CPU.ActiveCfg = Debug|Any CPU
		{D5D8B286-528C-4216-A94F-FBAF85B39046}.Debug|Any CPU.Build.0 = Debug|Any CPU
		{D5D8B286-528C-4216-A94F-FBAF85B39046}.Release|Any CPU.ActiveCfg = Release|Any CPU
		{D5D8B286-528C-4216-A94F-FBAF85B39046}.Release|Any CPU.Build.0 = Release|Any CPU
		{7CE4FD89-67FA-41B9-9D26-E5451D53019F}.Debug|Any CPU.ActiveCfg = Debug|Any CPU
		{7CE4FD89-67FA-41B9-9D26-E5451D53019F}.Debug|Any CPU.Build.0 = Debug|Any CPU
		{7CE4FD89-67FA-41B9-9D26-E5451D53019F}.Release|Any CPU.ActiveCfg = Release|Any CPU
		{7CE4FD89-67FA-41B9-9D26-E5451D53019F}.Release|Any CPU.Build.0 = Release|Any CPU
		{914C4078-F3D8-4271-9557-F41103B225B2}.Debug|Any CPU.ActiveCfg = Debug|Any CPU
		{914C4078-F3D8-4271-9557-F41103B225B2}.Debug|Any CPU.Build.0 = Debug|Any CPU
		{914C4078-F3D8-4271-9557-F41103B225B2}.Release|Any CPU.ActiveCfg = Release|Any CPU
		{914C4078-F3D8-4271-9557-F41103B225B2}.Release|Any CPU.Build.0 = Release|Any CPU
		{B7FE7943-554E-4D2F-9DDA-121549D83D0E}.Debug|Any CPU.ActiveCfg = Debug|Any CPU
		{B7FE7943-554E-4D2F-9DDA-121549D83D0E}.Debug|Any CPU.Build.0 = Debug|Any CPU
		{B7FE7943-554E-4D2F-9DDA-121549D83D0E}.Release|Any CPU.ActiveCfg = Release|Any CPU
		{B7FE7943-554E-4D2F-9DDA-121549D83D0E}.Release|Any CPU.Build.0 = Release|Any CPU
		{234C25E8-324C-401B-9718-7B522F792CBA}.Debug|Any CPU.ActiveCfg = Debug|Any CPU
		{234C25E8-324C-401B-9718-7B522F792CBA}.Debug|Any CPU.Build.0 = Debug|Any CPU
		{234C25E8-324C-401B-9718-7B522F792CBA}.Release|Any CPU.ActiveCfg = Release|Any CPU
		{234C25E8-324C-401B-9718-7B522F792CBA}.Release|Any CPU.Build.0 = Release|Any CPU
		{220D249B-EF61-41AA-A635-0642316DAC1B}.Debug|Any CPU.ActiveCfg = Debug|Any CPU
		{220D249B-EF61-41AA-A635-0642316DAC1B}.Debug|Any CPU.Build.0 = Debug|Any CPU
		{220D249B-EF61-41AA-A635-0642316DAC1B}.Release|Any CPU.ActiveCfg = Release|Any CPU
		{220D249B-EF61-41AA-A635-0642316DAC1B}.Release|Any CPU.Build.0 = Release|Any CPU
		{25F5A224-24BC-4331-99D3-CED921778D2D}.Debug|Any CPU.ActiveCfg = Debug|Any CPU
		{25F5A224-24BC-4331-99D3-CED921778D2D}.Debug|Any CPU.Build.0 = Debug|Any CPU
		{25F5A224-24BC-4331-99D3-CED921778D2D}.Release|Any CPU.ActiveCfg = Release|Any CPU
		{25F5A224-24BC-4331-99D3-CED921778D2D}.Release|Any CPU.Build.0 = Release|Any CPU
		{4D7E89E5-FB03-4CCA-846A-8B129DC87DC3}.Debug|Any CPU.ActiveCfg = Debug|Any CPU
		{4D7E89E5-FB03-4CCA-846A-8B129DC87DC3}.Debug|Any CPU.Build.0 = Debug|Any CPU
		{4D7E89E5-FB03-4CCA-846A-8B129DC87DC3}.Release|Any CPU.ActiveCfg = Release|Any CPU
		{4D7E89E5-FB03-4CCA-846A-8B129DC87DC3}.Release|Any CPU.Build.0 = Release|Any CPU
		{A1F2B9BE-B4AD-4EDE-B056-9E8063EA6B9C}.Debug|Any CPU.ActiveCfg = Debug|Any CPU
		{A1F2B9BE-B4AD-4EDE-B056-9E8063EA6B9C}.Debug|Any CPU.Build.0 = Debug|Any CPU
		{A1F2B9BE-B4AD-4EDE-B056-9E8063EA6B9C}.Release|Any CPU.ActiveCfg = Release|Any CPU
		{A1F2B9BE-B4AD-4EDE-B056-9E8063EA6B9C}.Release|Any CPU.Build.0 = Release|Any CPU
		{4F609D56-C7D2-472E-A296-57A80E46542E}.Debug|Any CPU.ActiveCfg = Debug|Any CPU
		{4F609D56-C7D2-472E-A296-57A80E46542E}.Debug|Any CPU.Build.0 = Debug|Any CPU
		{4F609D56-C7D2-472E-A296-57A80E46542E}.Release|Any CPU.ActiveCfg = Release|Any CPU
		{4F609D56-C7D2-472E-A296-57A80E46542E}.Release|Any CPU.Build.0 = Release|Any CPU
		{D5C41D6A-503B-46B9-BD33-723BE3277E02}.Debug|Any CPU.ActiveCfg = Debug|Any CPU
		{D5C41D6A-503B-46B9-BD33-723BE3277E02}.Debug|Any CPU.Build.0 = Debug|Any CPU
		{D5C41D6A-503B-46B9-BD33-723BE3277E02}.Release|Any CPU.ActiveCfg = Release|Any CPU
		{D5C41D6A-503B-46B9-BD33-723BE3277E02}.Release|Any CPU.Build.0 = Release|Any CPU
	EndGlobalSection
	GlobalSection(NestedProjects) = preSolution
		{E09BA2EB-3D7D-48F4-AA4E-BFF637C732B0} = {4FE53AD4-06E9-4247-A6A5-D5AE521B3674}
		{D47CE387-01FE-4168-BC73-DE9C10058BEF} = {4FE53AD4-06E9-4247-A6A5-D5AE521B3674}
		{98D09CD9-35AD-489A-990E-0ECC0E37D1A7} = {4FE53AD4-06E9-4247-A6A5-D5AE521B3674}
		{3BFCA804-9BD4-4E4B-8875-872BC4A1CB54} = {4FE53AD4-06E9-4247-A6A5-D5AE521B3674}
		{D74428EF-23CF-4DA1-A3E9-31DD874B606D} = {4FE53AD4-06E9-4247-A6A5-D5AE521B3674}
		{9BC967DC-0269-42EB-B285-4B016DA2FD19} = {4FE53AD4-06E9-4247-A6A5-D5AE521B3674}
		{70958DE9-1F4D-4FAB-A3A4-14DD9FB1957E} = {4FE53AD4-06E9-4247-A6A5-D5AE521B3674}
		{D59ACDD7-0ED5-4806-9C12-CE5DC45A556B} = {4FE53AD4-06E9-4247-A6A5-D5AE521B3674}
		{4C86AECB-74E7-4ADC-81AA-6C5DC658C7DC} = {4FE53AD4-06E9-4247-A6A5-D5AE521B3674}
		{21059117-32F1-4F02-83CB-28064BBF9F13} = {4FE53AD4-06E9-4247-A6A5-D5AE521B3674}
		{DE859C7E-26BE-47D6-BD4D-3327F6E49CB9} = {4FE53AD4-06E9-4247-A6A5-D5AE521B3674}
		{8B9AE9CC-5E3B-4000-B7E4-AD7F7738A789} = {4FE53AD4-06E9-4247-A6A5-D5AE521B3674}
		{C4C36773-4794-4822-BD58-4FF50B498EE9} = {4FE53AD4-06E9-4247-A6A5-D5AE521B3674}
		{9179C483-F52F-4CD9-A59F-DBA383A80A90} = {4FE53AD4-06E9-4247-A6A5-D5AE521B3674}
		{ED228E02-3246-4281-BCF1-B382D1F8E924} = {4FE53AD4-06E9-4247-A6A5-D5AE521B3674}
		{8041B137-A6E1-4278-A3E2-D84A0C8828CE} = {4FE53AD4-06E9-4247-A6A5-D5AE521B3674}
		{864594A7-078B-46C7-BBBB-606FB1A463A0} = {4FE53AD4-06E9-4247-A6A5-D5AE521B3674}
		{3C43EFC4-2914-4324-849D-CD88C6215BC3} = {4FE53AD4-06E9-4247-A6A5-D5AE521B3674}
		{BDE16655-5A39-4314-9F5E-D7DFE509061E} = {4FE53AD4-06E9-4247-A6A5-D5AE521B3674}
		{0E71C211-8591-4D9B-B466-207ADFD43C1A} = {4FE53AD4-06E9-4247-A6A5-D5AE521B3674}
		{B0DC1170-C5D1-4335-89A0-FF3C698BB006} = {4FE53AD4-06E9-4247-A6A5-D5AE521B3674}
		{40DED812-40D5-4B22-AAD6-F9BC4E655656} = {4FE53AD4-06E9-4247-A6A5-D5AE521B3674}
		{C6AA556D-134A-40CB-A9EC-4820530A1578} = {4FE53AD4-06E9-4247-A6A5-D5AE521B3674}
		{5170E681-813B-4968-9E03-0E6E8E5C47FC} = {4FE53AD4-06E9-4247-A6A5-D5AE521B3674}
		{BEDF586A-9CCE-404F-A38A-65BD18EFEF26} = {4FE53AD4-06E9-4247-A6A5-D5AE521B3674}
	EndGlobalSection
EndGlobal
