
Microsoft Visual Studio Solution File, Format Version 12.00
# Visual Studio Version 17
VisualStudioVersion = 17.0.31903.59
MinimumVisualStudioVersion = 10.0.40219.1
Project("{FAE04EC0-301F-11D3-BF4B-00C04F79EFBC}") = "Day02", "Day02\Day02.csproj", "{5170E681-813B-4968-9E03-0E6E8E5C47FC}"
EndProject
Project("{FAE04EC0-301F-11D3-BF4B-00C04F79EFBC}") = "Day01", "Day01\Day01.csproj", "{BEDF586A-9CCE-404F-A38A-65BD18EFEF26}"
EndProject
Project("{FAE04EC0-301F-11D3-BF4B-00C04F79EFBC}") = "ClassCat", "ClassCat\ClassCat.csproj", "{E09BA2EB-3D7D-48F4-AA4E-BFF637C732B0}"
EndProject
Project("{FAE04EC0-301F-11D3-BF4B-00C04F79EFBC}") = "Day02_2", "Day02_2\Day02_2.csproj", "{C6AA556D-134A-40CB-A9EC-4820530A1578}"
EndProject
Project("{FAE04EC0-301F-11D3-BF4B-00C04F79EFBC}") = "Day03_1_Encapsulation", "Day03_1_Encapsulation\Day03_1_Encapsulation.csproj", "{40DED812-40D5-4B22-AAD6-F9BC4E655656}"
EndProject
Project("{FAE04EC0-301F-11D3-BF4B-00C04F79EFBC}") = "Day03_VariableMethod", "Day03_VariableMethod\Day03_VariableMethod.csproj", "{BDE16655-5A39-4314-9F5E-D7DFE509061E}"
EndProject
Project("{FAE04EC0-301F-11D3-BF4B-00C04F79EFBC}") = "Day03_OverloadingAndInheritance", "Day03_OverloadingAndInheritance\Day03_OverloadingAndInheritance.csproj", "{B0DC1170-C5D1-4335-89A0-FF3C698BB006}"
EndProject
Project("{FAE04EC0-301F-11D3-BF4B-00C04F79EFBC}") = "Day03_Overriding", "Day03_Overriding\Day03_Overriding.csproj", "{0E71C211-8591-4D9B-B466-207ADFD43C1A}"
EndProject
Project("{FAE04EC0-301F-11D3-BF4B-00C04F79EFBC}") = "Day04_Inheritance", "Day04_Inheritance\Day04_Inheritance.csproj", "{ED228E02-3246-4281-BCF1-B382D1F8E924}"
EndProject
Project("{FAE04EC0-301F-11D3-BF4B-00C04F79EFBC}") = "Day04_Abstract", "Day04_Abstract\Day04_Abstract.csproj", "{3C43EFC4-2914-4324-849D-CD88C6215BC3}"
EndProject
Project("{FAE04EC0-301F-11D3-BF4B-00C04F79EFBC}") = "Day04_Interface", "Day04_Interface\Day04_Interface.csproj", "{9179C483-F52F-4CD9-A59F-DBA383A80A90}"
EndProject
Project("{FAE04EC0-301F-11D3-BF4B-00C04F79EFBC}") = "Day04_InterfaceCar", "Day04_InterfaceCar\Day04_InterfaceCar.csproj", "{C4C36773-4794-4822-BD58-4FF50B498EE9}"
EndProject
Project("{FAE04EC0-301F-11D3-BF4B-00C04F79EFBC}") = "Day04_IntFloatDoubleDecimal", "Day04_IntFloatDoubleDecimal\Day04_IntFloatDoubleDecimal.csproj", "{8B9AE9CC-5E3B-4000-B7E4-AD7F7738A789}"
EndProject
Project("{FAE04EC0-301F-11D3-BF4B-00C04F79EFBC}") = "Day04_Casting", "Day04_Casting\Day04_Casting.csproj", "{864594A7-078B-46C7-BBBB-606FB1A463A0}"
EndProject
Project("{FAE04EC0-301F-11D3-BF4B-00C04F79EFBC}") = "Day05_Reference", "Day05_Reference\Day05_Reference.csproj", "{3BFCA804-9BD4-4E4B-8875-872BC4A1CB54}"
EndProject
Project("{FAE04EC0-301F-11D3-BF4B-00C04F79EFBC}") = "Day05_StringVsStringBuilder", "Day05_StringVsStringBuilder\Day05_StringVsStringBuilder.csproj", "{98D09CD9-35AD-489A-990E-0ECC0E37D1A7}"
EndProject
Project("{FAE04EC0-301F-11D3-BF4B-00C04F79EFBC}") = "Day05_VarObjectDynamic", "Day05_VarObjectDynamic\Day05_VarObjectDynamic.csproj", "{D47CE387-01FE-4168-BC73-DE9C10058BEF}"
EndProject
Project("{FAE04EC0-301F-11D3-BF4B-00C04F79EFBC}") = "Day04_Casting2", "Day04_Casting2\Day04_Casting2.csproj", "{8041B137-A6E1-4278-A3E2-D84A0C8828CE}"
EndProject
Global
	GlobalSection(SolutionConfigurationPlatforms) = preSolution
		Debug|Any CPU = Debug|Any CPU
		Release|Any CPU = Release|Any CPU
	EndGlobalSection
	GlobalSection(SolutionProperties) = preSolution
		HideSolutionNode = FALSE
	EndGlobalSection
	GlobalSection(ProjectConfigurationPlatforms) = postSolution
		{5170E681-813B-4968-9E03-0E6E8E5C47FC}.Debug|Any CPU.ActiveCfg = Debug|Any CPU
		{5170E681-813B-4968-9E03-0E6E8E5C47FC}.Debug|Any CPU.Build.0 = Debug|Any CPU
		{5170E681-813B-4968-9E03-0E6E8E5C47FC}.Release|Any CPU.ActiveCfg = Release|Any CPU
		{5170E681-813B-4968-9E03-0E6E8E5C47FC}.Release|Any CPU.Build.0 = Release|Any CPU
		{BEDF586A-9CCE-404F-A38A-65BD18EFEF26}.Debug|Any CPU.ActiveCfg = Debug|Any CPU
		{BEDF586A-9CCE-404F-A38A-65BD18EFEF26}.Debug|Any CPU.Build.0 = Debug|Any CPU
		{BEDF586A-9CCE-404F-A38A-65BD18EFEF26}.Release|Any CPU.ActiveCfg = Release|Any CPU
		{BEDF586A-9CCE-404F-A38A-65BD18EFEF26}.Release|Any CPU.Build.0 = Release|Any CPU
		{E09BA2EB-3D7D-48F4-AA4E-BFF637C732B0}.Debug|Any CPU.ActiveCfg = Debug|Any CPU
		{E09BA2EB-3D7D-48F4-AA4E-BFF637C732B0}.Debug|Any CPU.Build.0 = Debug|Any CPU
		{E09BA2EB-3D7D-48F4-AA4E-BFF637C732B0}.Release|Any CPU.ActiveCfg = Release|Any CPU
		{E09BA2EB-3D7D-48F4-AA4E-BFF637C732B0}.Release|Any CPU.Build.0 = Release|Any CPU
		{C6AA556D-134A-40CB-A9EC-4820530A1578}.Debug|Any CPU.ActiveCfg = Debug|Any CPU
		{C6AA556D-134A-40CB-A9EC-4820530A1578}.Debug|Any CPU.Build.0 = Debug|Any CPU
		{C6AA556D-134A-40CB-A9EC-4820530A1578}.Release|Any CPU.ActiveCfg = Release|Any CPU
		{C6AA556D-134A-40CB-A9EC-4820530A1578}.Release|Any CPU.Build.0 = Release|Any CPU
		{40DED812-40D5-4B22-AAD6-F9BC4E655656}.Debug|Any CPU.ActiveCfg = Debug|Any CPU
		{40DED812-40D5-4B22-AAD6-F9BC4E655656}.Debug|Any CPU.Build.0 = Debug|Any CPU
		{40DED812-40D5-4B22-AAD6-F9BC4E655656}.Release|Any CPU.ActiveCfg = Release|Any CPU
		{40DED812-40D5-4B22-AAD6-F9BC4E655656}.Release|Any CPU.Build.0 = Release|Any CPU
		{BDE16655-5A39-4314-9F5E-D7DFE509061E}.Debug|Any CPU.ActiveCfg = Debug|Any CPU
		{BDE16655-5A39-4314-9F5E-D7DFE509061E}.Debug|Any CPU.Build.0 = Debug|Any CPU
		{BDE16655-5A39-4314-9F5E-D7DFE509061E}.Release|Any CPU.ActiveCfg = Release|Any CPU
		{BDE16655-5A39-4314-9F5E-D7DFE509061E}.Release|Any CPU.Build.0 = Release|Any CPU
		{B0DC1170-C5D1-4335-89A0-FF3C698BB006}.Debug|Any CPU.ActiveCfg = Debug|Any CPU
		{B0DC1170-C5D1-4335-89A0-FF3C698BB006}.Debug|Any CPU.Build.0 = Debug|Any CPU
		{B0DC1170-C5D1-4335-89A0-FF3C698BB006}.Release|Any CPU.ActiveCfg = Release|Any CPU
		{B0DC1170-C5D1-4335-89A0-FF3C698BB006}.Release|Any CPU.Build.0 = Release|Any CPU
		{0E71C211-8591-4D9B-B466-207ADFD43C1A}.Debug|Any CPU.ActiveCfg = Debug|Any CPU
		{0E71C211-8591-4D9B-B466-207ADFD43C1A}.Debug|Any CPU.Build.0 = Debug|Any CPU
		{0E71C211-8591-4D9B-B466-207ADFD43C1A}.Release|Any CPU.ActiveCfg = Release|Any CPU
		{0E71C211-8591-4D9B-B466-207ADFD43C1A}.Release|Any CPU.Build.0 = Release|Any CPU
		{ED228E02-3246-4281-BCF1-B382D1F8E924}.Debug|Any CPU.ActiveCfg = Debug|Any CPU
		{ED228E02-3246-4281-BCF1-B382D1F8E924}.Debug|Any CPU.Build.0 = Debug|Any CPU
		{ED228E02-3246-4281-BCF1-B382D1F8E924}.Release|Any CPU.ActiveCfg = Release|Any CPU
		{ED228E02-3246-4281-BCF1-B382D1F8E924}.Release|Any CPU.Build.0 = Release|Any CPU
		{3C43EFC4-2914-4324-849D-CD88C6215BC3}.Debug|Any CPU.ActiveCfg = Debug|Any CPU
		{3C43EFC4-2914-4324-849D-CD88C6215BC3}.Debug|Any CPU.Build.0 = Debug|Any CPU
		{3C43EFC4-2914-4324-849D-CD88C6215BC3}.Release|Any CPU.ActiveCfg = Release|Any CPU
		{3C43EFC4-2914-4324-849D-CD88C6215BC3}.Release|Any CPU.Build.0 = Release|Any CPU
		{9179C483-F52F-4CD9-A59F-DBA383A80A90}.Debug|Any CPU.ActiveCfg = Debug|Any CPU
		{9179C483-F52F-4CD9-A59F-DBA383A80A90}.Debug|Any CPU.Build.0 = Debug|Any CPU
		{9179C483-F52F-4CD9-A59F-DBA383A80A90}.Release|Any CPU.ActiveCfg = Release|Any CPU
		{9179C483-F52F-4CD9-A59F-DBA383A80A90}.Release|Any CPU.Build.0 = Release|Any CPU
		{C4C36773-4794-4822-BD58-4FF50B498EE9}.Debug|Any CPU.ActiveCfg = Debug|Any CPU
		{C4C36773-4794-4822-BD58-4FF50B498EE9}.Debug|Any CPU.Build.0 = Debug|Any CPU
		{C4C36773-4794-4822-BD58-4FF50B498EE9}.Release|Any CPU.ActiveCfg = Release|Any CPU
		{C4C36773-4794-4822-BD58-4FF50B498EE9}.Release|Any CPU.Build.0 = Release|Any CPU
		{8B9AE9CC-5E3B-4000-B7E4-AD7F7738A789}.Debug|Any CPU.ActiveCfg = Debug|Any CPU
		{8B9AE9CC-5E3B-4000-B7E4-AD7F7738A789}.Debug|Any CPU.Build.0 = Debug|Any CPU
		{8B9AE9CC-5E3B-4000-B7E4-AD7F7738A789}.Release|Any CPU.ActiveCfg = Release|Any CPU
		{8B9AE9CC-5E3B-4000-B7E4-AD7F7738A789}.Release|Any CPU.Build.0 = Release|Any CPU
		{864594A7-078B-46C7-BBBB-606FB1A463A0}.Debug|Any CPU.ActiveCfg = Debug|Any CPU
		{864594A7-078B-46C7-BBBB-606FB1A463A0}.Debug|Any CPU.Build.0 = Debug|Any CPU
		{864594A7-078B-46C7-BBBB-606FB1A463A0}.Release|Any CPU.ActiveCfg = Release|Any CPU
		{864594A7-078B-46C7-BBBB-606FB1A463A0}.Release|Any CPU.Build.0 = Release|Any CPU
		{3BFCA804-9BD4-4E4B-8875-872BC4A1CB54}.Debug|Any CPU.ActiveCfg = Debug|Any CPU
		{3BFCA804-9BD4-4E4B-8875-872BC4A1CB54}.Debug|Any CPU.Build.0 = Debug|Any CPU
		{3BFCA804-9BD4-4E4B-8875-872BC4A1CB54}.Release|Any CPU.ActiveCfg = Release|Any CPU
		{3BFCA804-9BD4-4E4B-8875-872BC4A1CB54}.Release|Any CPU.Build.0 = Release|Any CPU
		{98D09CD9-35AD-489A-990E-0ECC0E37D1A7}.Debug|Any CPU.ActiveCfg = Debug|Any CPU
		{98D09CD9-35AD-489A-990E-0ECC0E37D1A7}.Debug|Any CPU.Build.0 = Debug|Any CPU
		{98D09CD9-35AD-489A-990E-0ECC0E37D1A7}.Release|Any CPU.ActiveCfg = Release|Any CPU
		{98D09CD9-35AD-489A-990E-0ECC0E37D1A7}.Release|Any CPU.Build.0 = Release|Any CPU
		{D47CE387-01FE-4168-BC73-DE9C10058BEF}.Debug|Any CPU.ActiveCfg = Debug|Any CPU
		{D47CE387-01FE-4168-BC73-DE9C10058BEF}.Debug|Any CPU.Build.0 = Debug|Any CPU
		{D47CE387-01FE-4168-BC73-DE9C10058BEF}.Release|Any CPU.ActiveCfg = Release|Any CPU
		{D47CE387-01FE-4168-BC73-DE9C10058BEF}.Release|Any CPU.Build.0 = Release|Any CPU
		{8041B137-A6E1-4278-A3E2-D84A0C8828CE}.Debug|Any CPU.ActiveCfg = Debug|Any CPU
		{8041B137-A6E1-4278-A3E2-D84A0C8828CE}.Debug|Any CPU.Build.0 = Debug|Any CPU
		{8041B137-A6E1-4278-A3E2-D84A0C8828CE}.Release|Any CPU.ActiveCfg = Release|Any CPU
		{8041B137-A6E1-4278-A3E2-D84A0C8828CE}.Release|Any CPU.Build.0 = Release|Any CPU
	EndGlobalSection
EndGlobal
